<?xml version="1.0" encoding="utf-8"?>
<Project ToolsVersion="4.0" xmlns="http://schemas.microsoft.com/developer/msbuild/2003">
  <ItemGroup>
    <ClCompile Include="ColorSensorTCS3200.cpp" />
    <ClCompile Include="Encoder.cpp" />
    <ClCompile Include="IRSharp10To80.cpp" />
    <ClCompile Include="MotorContinu.cpp" />
    <ClCompile Include="Servo180.cpp" />
    <ClCompile Include="Sound.cpp" />
    <ClCompile Include="src\_micro-api\libraries\RobotLabo_LibraryLib\src\RobotLabo_LibraryLib.cpp" />
    <ClCompile Include="UltrasonicSensorHCSR04.cpp" />
    <ClCompile Include="IRSharp4To30.cpp" />
    <ClCompile Include="LightActionner.cpp" />
    <ClCompile Include="Robot.cpp" />
  </ItemGroup>
  <ItemGroup>
    <ClInclude Include="Actioner.h" />
    <ClInclude Include="ColorSensorTCS3200.h" />
    <ClInclude Include="Encoder.h" />
    <ClInclude Include="IRSharp10To80.h" />
    <ClInclude Include="Motor.h" />
    <ClInclude Include="MotorContinu.h" />
    <ClInclude Include="resource.h" />
    <ClInclude Include="Sensor.h" />
    <ClInclude Include="Servo180.h" />
    <ClInclude Include="Sound.h" />
    <ClInclude Include="src\_micro-api\libraries\RobotLabo_LibraryLib\src\RobotLabo_LibraryLib.h" />
    <ClInclude Include="UltrasonicSensorHCSR04.h" />
    <ClInclude Include="__vm\.RobotLabo_Library.vsarduino.h" />
    <ClInclude Include="IRSharp4To30.h" />
    <ClInclude Include="LightActionner.h" />
    <ClInclude Include="Robot.h" />
  </ItemGroup>
  <ItemGroup>
    <None Include="RobotLabo_Library.ino" />
    <None Include="src\_micro-api\libraries\RobotLabo_LibraryLib\library.properties" />
  </ItemGroup>
</Project>